
Microsoft Visual Studio Solution File, Format Version 12.00
# Visual Studio Version 16
VisualStudioVersion = 16.0.29509.3
MinimumVisualStudioVersion = 10.0.40219.1
Project("{FAE04EC0-301F-11D3-BF4B-00C04F79EFBC}") = "AgentyJobApp", "AgentyJobApp\AgentyJobApp.csproj", "{EAC3B537-A7B2-45DC-9928-2FDEFD41B645}"
EndProject
Global
	GlobalSection(SolutionConfigurationPlatforms) = preSolution
		Debug|Any CPU = Debug|Any CPU
		Release|Any CPU = Release|Any CPU
	EndGlobalSection
	GlobalSection(ProjectConfigurationPlatforms) = postSolution
		{EAC3B537-A7B2-45DC-9928-2FDEFD41B645}.Debug|Any CPU.ActiveCfg = Debug|Any CPU
		{EAC3B537-A7B2-45DC-9928-2FDEFD41B645}.Debug|Any CPU.Build.0 = Debug|Any CPU
		{EAC3B537-A7B2-45DC-9928-2FDEFD41B645}.Release|Any CPU.ActiveCfg = Release|Any CPU
		{EAC3B537-A7B2-45DC-9928-2FDEFD41B645}.Release|Any CPU.Build.0 = Release|Any CPU
	EndGlobalSection
	GlobalSection(SolutionProperties) = preSolution
		HideSolutionNode = FALSE
	EndGlobalSection
	GlobalSection(ExtensibilityGlobals) = postSolution
		SolutionGuid = {90E2126C-611D-41D1-9542-61BA69530AEA}
	EndGlobalSection
EndGlobal
